dependencies:
- name: postgresql
  repository: https://charts.bitnami.com/bitnami
  version: 10.3.14
- name: redis
  repository: https://charts.bitnami.com/bitnami
  version: 12.9.1
- name: postfix
  repository: https://halkeye.github.io/helm-charts/
  version: 0.1.5
digest: sha256:1ec1345934bd7dbe2857ebdf46cbd0485ed3218bc63209dbae4f768c4167a9aa
generated: "2021-03-30T12:19:06.573339872+01:00"
